// !$*UTF8*$!
{
	archiveVersion = 1;
	classes = {
	};
	objectVersion = 50;
	objects = {

/* Begin PBXBuildFile section */
		E6C2BC6B2271FDB7005DA4D9 /* AppDelegate.m in Sources */ = {isa = PBXBuildFile; fileRef = E6C2BC6A2271FDB7005DA4D9 /* AppDelegate.m */; };
		E6C2BC6E2271FDB7005DA4D9 /* ViewController.m in Sources */ = {isa = PBXBuildFile; fileRef = E6C2BC6D2271FDB7005DA4D9 /* ViewController.m */; };
		E6C2BC712271FDB7005DA4D9 /* Main.storyboard in Resources */ = {isa = PBXBuildFile; fileRef = E6C2BC6F2271FDB7005DA4D9 /* Main.storyboard */; };
		E6C2BC732271FDBB005DA4D9 /* Assets.xcassets in Resources */ = {isa = PBXBuildFile; fileRef = E6C2BC722271FDBB005DA4D9 /* Assets.xcassets */; };
		E6C2BC762271FDBB005DA4D9 /* LaunchScreen.storyboard in Resources */ = {isa = PBXBuildFile; fileRef = E6C2BC742271FDBB005DA4D9 /* LaunchScreen.storyboard */; };
		E6C2BC792271FDBB005DA4D9 /* main.m in Sources */ = {isa = PBXBuildFile; fileRef = E6C2BC782271FDBB005DA4D9 /* main.m */; };
		E6C2BC832271FDBB005DA4D9 /* HXMusicTests.m in Sources */ = {isa = PBXBuildFile; fileRef = E6C2BC822271FDBB005DA4D9 /* HXMusicTests.m */; };
/* End PBXBuildFile section */

/* Begin PBXContainerItemProxy section */
		E6C2BC7F2271FDBB005DA4D9 /* PBXContainerItemProxy */ = {
			isa = PBXContainerItemProxy;
			containerPortal = E6C2BC5E2271FDB7005DA4D9 /* Project object */;
			proxyType = 1;
			remoteGlobalIDString = E6C2BC652271FDB7005DA4D9;
			remoteInfo = HXMusic;
		};
/* End PBXContainerItemProxy section */

/* Begin PBXFileReference section */
		E6C2BC662271FDB7005DA4D9 /* HXMusic.app */ = {isa = PBXFileReference; explicitFileType = wrapper.application; includeInIndex = 0; path = HXMusic.app; sourceTree = BUILT_PRODUCTS_DIR; };
		E6C2BC692271FDB7005DA4D9 /* AppDelegate.h */ = {isa = PBXFileReference; lastKnownFileType = sourcecode.c.h; path = AppDelegate.h; sourceTree = "<group>"; };
		E6C2BC6A2271FDB7005DA4D9 /* AppDelegate.m */ = {isa = PBXFileReference; lastKnownFileType = sourcecode.c.objc; path = AppDelegate.m; sourceTree = "<group>"; };
		E6C2BC6C2271FDB7005DA4D9 /* ViewController.h */ = {isa = PBXFileReference; lastKnownFileType = sourcecode.c.h; path = ViewController.h; sourceTree = "<group>"; };
		E6C2BC6D2271FDB7005DA4D9 /* ViewController.m */ = {isa = PBXFileReference; lastKnownFileType = sourcecode.c.objc; path = ViewController.m; sourceTree = "<group>"; };
		E6C2BC702271FDB7005DA4D9 /* Base */ = {isa = PBXFileReference; lastKnownFileType = file.storyboard; name = Base; path = Base.lproj/Main.storyboard; sourceTree = "<group>"; };
		E6C2BC722271FDBB005DA4D9 /* Assets.xcassets */ = {isa = PBXFileReference; lastKnownFileType = folder.assetcatalog; path = Assets.xcassets; sourceTree = "<group>"; };
		E6C2BC752271FDBB005DA4D9 /* Base */ = {isa = PBXFileReference; lastKnownFileType = file.storyboard; name = Base; path = Base.lproj/LaunchScreen.storyboard; sourceTree = "<group>"; };
		E6C2BC772271FDBB005DA4D9 /* Info.plist */ = {isa = PBXFileReference; lastKnownFileType = text.plist.xml; path = Info.plist; sourceTree = "<group>"; };
		E6C2BC782271FDBB005DA4D9 /* main.m */ = {isa = PBXFileReference; lastKnownFileType = sourcecode.c.objc; path = main.m; sourceTree = "<group>"; };
		E6C2BC7E2271FDBB005DA4D9 /* HXMusicTests.xctest */ = {isa = PBXFileReference; explicitFileType = wrapper.cfbundle; includeInIndex = 0; path = HXMusicTests.xctest; sourceTree = BUILT_PRODUCTS_DIR; };
		E6C2BC822271FDBB005DA4D9 /* HXMusicTests.m */ = {isa = PBXFileReference; lastKnownFileType = sourcecode.c.objc; path = HXMusicTests.m; sourceTree = "<group>"; };
		E6C2BC842271FDBB005DA4D9 /* Info.plist */ = {isa = PBXFileReference; lastKnownFileType = text.plist.xml; path = Info.plist; sourceTree = "<group>"; };
/* End PBXFileReference section */

/* Begin PBXFrameworksBuildPhase section */
		E6C2BC632271FDB7005DA4D9 /* Frameworks */ = {
			isa = PBXFrameworksBuildPhase;
			buildActionMask = 2147483647;
			files = (
			);
			runOnlyForDeploymentPostprocessing = 0;
		};
		E6C2BC7B2271FDBB005DA4D9 /* Frameworks */ = {
			isa = PBXFrameworksBuildPhase;
			buildActionMask = 2147483647;
			files = (
			);
			runOnlyForDeploymentPostprocessing = 0;
		};
/* End PBXFrameworksBuildPhase section */

/* Begin PBXGroup section */
		E6C2BC5D2271FDB7005DA4D9 = {
			isa = PBXGroup;
			children = (
				E6C2BC682271FDB7005DA4D9 /* HXMusic */,
				E6C2BC812271FDBB005DA4D9 /* HXMusicTests */,
				E6C2BC672271FDB7005DA4D9 /* Products */,
			);
			sourceTree = "<group>";
		};
		E6C2BC672271FDB7005DA4D9 /* Products */ = {
			isa = PBXGroup;
			children = (
				E6C2BC662271FDB7005DA4D9 /* HXMusic.app */,
				E6C2BC7E2271FDBB005DA4D9 /* HXMusicTests.xctest */,
			);
			name = Products;
			sourceTree = "<group>";
		};
		E6C2BC682271FDB7005DA4D9 /* HXMusic */ = {
			isa = PBXGroup;
			children = (
				E6C2BC692271FDB7005DA4D9 /* AppDelegate.h */,
				E6C2BC6A2271FDB7005DA4D9 /* AppDelegate.m */,
				E6C2BC6C2271FDB7005DA4D9 /* ViewController.h */,
				E6C2BC6D2271FDB7005DA4D9 /* ViewController.m */,
				E6C2BC6F2271FDB7005DA4D9 /* Main.storyboard */,
				E6C2BC722271FDBB005DA4D9 /* Assets.xcassets */,
				E6C2BC742271FDBB005DA4D9 /* LaunchScreen.storyboard */,
				E6C2BC772271FDBB005DA4D9 /* Info.plist */,
				E6C2BC782271FDBB005DA4D9 /* main.m */,
			);
			path = HXMusic;
			sourceTree = "<group>";
		};
		E6C2BC812271FDBB005DA4D9 /* HXMusicTests */ = {
			isa = PBXGroup;
			children = (
				E6C2BC822271FDBB005DA4D9 /* HXMusicTests.m */,
				E6C2BC842271FDBB005DA4D9 /* Info.plist */,
			);
			path = HXMusicTests;
			sourceTree = "<group>";
		};
/* End PBXGroup section */

/* Begin PBXNativeTarget section */
		E6C2BC652271FDB7005DA4D9 /* HXMusic */ = {
			isa = PBXNativeTarget;
			buildConfigurationList = E6C2BC872271FDBB005DA4D9 /* Build configuration list for PBXNativeTarget "HXMusic" */;
			buildPhases = (
				E6C2BC622271FDB7005DA4D9 /* Sources */,
				E6C2BC632271FDB7005DA4D9 /* Frameworks */,
				E6C2BC642271FDB7005DA4D9 /* Resources */,
			);
			buildRules = (
			);
			dependencies = (
			);
			name = HXMusic;
			productName = HXMusic;
			productReference = E6C2BC662271FDB7005DA4D9 /* HXMusic.app */;
			productType = "com.apple.product-type.application";
		};
		E6C2BC7D2271FDBB005DA4D9 /* HXMusicTests */ = {
			isa = PBXNativeTarget;
			buildConfigurationList = E6C2BC8A2271FDBB005DA4D9 /* Build configuration list for PBXNativeTarget "HXMusicTests" */;
			buildPhases = (
				E6C2BC7A2271FDBB005DA4D9 /* Sources */,
				E6C2BC7B2271FDBB005DA4D9 /* Frameworks */,
				E6C2BC7C2271FDBB005DA4D9 /* Resources */,
			);
			buildRules = (
			);
			dependencies = (
				E6C2BC802271FDBB005DA4D9 /* PBXTargetDependency */,
			);
			name = HXMusicTests;
			productName = HXMusicTests;
			productReference = E6C2BC7E2271FDBB005DA4D9 /* HXMusicTests.xctest */;
			productType = "com.apple.product-type.bundle.unit-test";
		};
/* End PBXNativeTarget section */

/* Begin PBXProject section */
		E6C2BC5E2271FDB7005DA4D9 /* Project object */ = {
			isa = PBXProject;
			attributes = {
				LastUpgradeCheck = 1020;
				ORGANIZATIONNAME = "Haixiao Xu";
				TargetAttributes = {
					E6C2BC652271FDB7005DA4D9 = {
						CreatedOnToolsVersion = 10.2.1;
					};
					E6C2BC7D2271FDBB005DA4D9 = {
						CreatedOnToolsVersion = 10.2.1;
						TestTargetID = E6C2BC652271FDB7005DA4D9;
					};
				};
			};
			buildConfigurationList = E6C2BC612271FDB7005DA4D9 /* Build configuration list for PBXProject "HXMusic" */;
			compatibilityVersion = "Xcode 9.3";
			developmentRegion = en;
			hasScannedForEncodings = 0;
			knownRegions = (
				en,
				Base,
			);
			mainGroup = E6C2BC5D2271FDB7005DA4D9;
			productRefGroup = E6C2BC672271FDB7005DA4D9 /* Products */;
			projectDirPath = "";
			projectRoot = "";
			targets = (
				E6C2BC652271FDB7005DA4D9 /* HXMusic */,
				E6C2BC7D2271FDBB005DA4D9 /* HXMusicTests */,
			);
		};
/* End PBXProject section */

/* Begin PBXResourcesBuildPhase section */
		E6C2BC642271FDB7005DA4D9 /* Resources */ = {
			isa = PBXResourcesBuildPhase;
			buildActionMask = 2147483647;
			files = (
				E6C2BC762271FDBB005DA4D9 /* LaunchScreen.storyboard in Resources */,
				E6C2BC732271FDBB005DA4D9 /* Assets.xcassets in Resources */,
				E6C2BC712271FDB7005DA4D9 /* Main.storyboard in Resources */,
			);
			runOnlyForDeploymentPostprocessing = 0;
		};
		E6C2BC7C2271FDBB005DA4D9 /* Resources */ = {
			isa = PBXResourcesBuildPhase;
			buildActionMask = 2147483647;
			files = (
			);
			runOnlyForDeploymentPostprocessing = 0;
		};
/* End PBXResourcesBuildPhase section */

/* Begin PBXSourcesBuildPhase section */
		E6C2BC622271FDB7005DA4D9 /* Sources */ = {
			isa = PBXSourcesBuildPhase;
			buildActionMask = 2147483647;
			files = (
				E6C2BC6E2271FDB7005DA4D9 /* ViewController.m in Sources */,
				E6C2BC792271FDBB005DA4D9 /* main.m in Sources */,
				E6C2BC6B2271FDB7005DA4D9 /* AppDelegate.m in Sources */,
			);
			runOnlyForDeploymentPostprocessing = 0;
		};
		E6C2BC7A2271FDBB005DA4D9 /* Sources */ = {
			isa = PBXSourcesBuildPhase;
			buildActionMask = 2147483647;
			files = (
				E6C2BC832271FDBB005DA4D9 /* HXMusicTests.m in Sources */,
			);
			runOnlyForDeploymentPostprocessing = 0;
		};
/* End PBXSourcesBuildPhase section */

/* Begin PBXTargetDependency section */
		E6C2BC802271FDBB005DA4D9 /* PBXTargetDependency */ = {
			isa = PBXTargetDependency;
			target = E6C2BC652271FDB7005DA4D9 /* HXMusic */;
			targetProxy = E6C2BC7F2271FDBB005DA4D9 /* PBXContainerItemProxy */;
		};
/* End PBXTargetDependency section */

/* Begin PBXVariantGroup section */
		E6C2BC6F2271FDB7005DA4D9 /* Main.storyboard */ = {
			isa = PBXVariantGroup;
			children = (
				E6C2BC702271FDB7005DA4D9 /* Base */,
			);
			name = Main.storyboard;
			sourceTree = "<group>";
		};
		E6C2BC742271FDBB005DA4D9 /* LaunchScreen.storyboard */ = {
			isa = PBXVariantGroup;
			children = (
				E6C2BC752271FDBB005DA4D9 /* Base */,
			);
			name = LaunchScreen.storyboard;
			sourceTree = "<group>";
		};
/* End PBXVariantGroup section */

/* Begin XCBuildConfiguration section */
		E6C2BC852271FDBB005DA4D9 /* Debug */ = {
			isa = XCBuildConfiguration;
			buildSettings = {
				ALWAYS_SEARCH_USER_PATHS = NO;
				CLANG_ANALYZER_NONNULL = YES;
				CLANG_ANALYZER_NUMBER_OBJECT_CONVERSION = YES_AGGRESSIVE;
				CLANG_CXX_LANGUAGE_STANDARD = "gnu++14";
				CLANG_CXX_LIBRARY = "libc++";
				CLANG_ENABLE_MODULES = YES;
				CLANG_ENABLE_OBJC_ARC = YES;
				CLANG_ENABLE_OBJC_WEAK = YES;
				CLANG_WARN_BLOCK_CAPTURE_AUTORELEASING = YES;
				CLANG_WARN_BOOL_CONVERSION = YES;
				CLANG_WARN_COMMA = YES;
				CLANG_WARN_CONSTANT_CONVERSION = YES;
				CLANG_WARN_DEPRECATED_OBJC_IMPLEMENTATIONS = YES;
				CLANG_WARN_DIRECT_OBJC_ISA_USAGE = YES_ERROR;
				CLANG_WARN_DOCUMENTATION_COMMENTS = YES;
				CLANG_WARN_EMPTY_BODY = YES;
				CLANG_WARN_ENUM_CONVERSION = YES;
				CLANG_WARN_INFINITE_RECURSION = YES;
				CLANG_WARN_INT_CONVERSION = YES;
				CLANG_WARN_NON_LITERAL_NULL_CONVERSION = YES;
				CLANG_WARN_OBJC_IMPLICIT_RETAIN_SELF = YES;
				CLANG_WARN_OBJC_LITERAL_CONVERSION = YES;
				CLANG_WARN_OBJC_ROOT_CLASS = YES_ERROR;
				CLANG_WARN_RANGE_LOOP_ANALYSIS = YES;
				CLANG_WARN_STRICT_PROTOTYPES = YES;
				CLANG_WARN_SUSPICIOUS_MOVE = YES;
				CLANG_WARN_UNGUARDED_AVAILABILITY = YES_AGGRESSIVE;
				CLANG_WARN_UNREACHABLE_CODE = YES;
				CLANG_WARN__DUPLICATE_METHOD_MATCH = YES;
				CODE_SIGN_IDENTITY = "iPhone Developer";
				COPY_PHASE_STRIP = NO;
				DEBUG_INFORMATION_FORMAT = dwarf;
				ENABLE_STRICT_OBJC_MSGSEND = YES;
				ENABLE_TESTABILITY = YES;
				GCC_C_LANGUAGE_STANDARD = gnu11;
				GCC_DYNAMIC_NO_PIC = NO;
				GCC_NO_COMMON_BLOCKS = YES;
				GCC_OPTIMIZATION_LEVEL = 0;
				GCC_PREPROCESSOR_DEFINITIONS = (
					"DEBUG=1",
					"$(inherited)",
				);
				GCC_WARN_64_TO_32_BIT_CONVERSION = YES;
				GCC_WARN_ABOUT_RETURN_TYPE = YES_ERROR;
				GCC_WARN_UNDECLARED_SELECTOR = YES;
				GCC_WARN_UNINITIALIZED_AUTOS = YES_AGGRESSIVE;
				GCC_WARN_UNUSED_FUNCTION = YES;
				GCC_WARN_UNUSED_VARIABLE = YES;
				IPHONEOS_DEPLOYMENT_TARGET = 12.2;
				MTL_ENABLE_DEBUG_INFO = INCLUDE_SOURCE;
				MTL_FAST_MATH = YES;
				ONLY_ACTIVE_ARCH = YES;
				SDKROOT = iphoneos;
			};
			name = Debug;
		};
		E6C2BC862271FDBB005DA4D9 /* Release */ = {
			isa = XCBuildConfiguration;
			buildSettings = {
				ALWAYS_SEARCH_USER_PATHS = NO;
				CLANG_ANALYZER_NONNULL = YES;
				CLANG_ANALYZER_NUMBER_OBJECT_CONVERSION = YES_AGGRESSIVE;
				CLANG_CXX_LANGUAGE_STANDARD = "gnu++14";
				CLANG_CXX_LIBRARY = "libc++";
				CLANG_ENABLE_MODULES = YES;
				CLANG_ENABLE_OBJC_ARC = YES;
				CLANG_ENABLE_OBJC_WEAK = YES;
				CLANG_WARN_BLOCK_CAPTURE_AUTORELEASING = YES;
				CLANG_WARN_BOOL_CONVERSION = YES;
				CLANG_WARN_COMMA = YES;
				CLANG_WARN_CONSTANT_CONVERSION = YES;
				CLANG_WARN_DEPRECATED_OBJC_IMPLEMENTATIONS = YES;
				CLANG_WARN_DIRECT_OBJC_ISA_USAGE = YES_ERROR;
				CLANG_WARN_DOCUMENTATION_COMMENTS = YES;
				CLANG_WARN_EMPTY_BODY = YES;
				CLANG_WARN_ENUM_CONVERSION = YES;
				CLANG_WARN_INFINITE_RECURSION = YES;
				CLANG_WARN_INT_CONVERSION = YES;
				CLANG_WARN_NON_LITERAL_NULL_CONVERSION = YES;
				CLANG_WARN_OBJC_IMPLICIT_RETAIN_SELF = YES;
				CLANG_WARN_OBJC_LITERAL_CONVERSION = YES;
				CLANG_WARN_OBJC_ROOT_CLASS = YES_ERROR;
				CLANG_WARN_RANGE_LOOP_ANALYSIS = YES;
				CLANG_WARN_STRICT_PROTOTYPES = YES;
				CLANG_WARN_SUSPICIOUS_MOVE = YES;
				CLANG_WARN_UNGUARDED_AVAILABILITY = YES_AGGRESSIVE;
				CLANG_WARN_UNREACHABLE_CODE = YES;
				CLANG_WARN__DUPLICATE_METHOD_MATCH = YES;
				CODE_SIGN_IDENTITY = "iPhone Developer";
				COPY_PHASE_STRIP = NO;
				DEBUG_INFORMATION_FORMAT = "dwarf-with-dsym";
				ENABLE_NS_ASSERTIONS = NO;
				ENABLE_STRICT_OBJC_MSGSEND = YES;
				GCC_C_LANGUAGE_STANDARD = gnu11;
				GCC_NO_COMMON_BLOCKS = YES;
				GCC_WARN_64_TO_32_BIT_CONVERSION = YES;
				GCC_WARN_ABOUT_RETURN_TYPE = YES_ERROR;
				GCC_WARN_UNDECLARED_SELECTOR = YES;
				GCC_WARN_UNINITIALIZED_AUTOS = YES_AGGRESSIVE;
				GCC_WARN_UNUSED_FUNCTION = YES;
				GCC_WARN_UNUSED_VARIABLE = YES;
				IPHONEOS_DEPLOYMENT_TARGET = 12.2;
				MTL_ENABLE_DEBUG_INFO = NO;
				MTL_FAST_MATH = YES;
				SDKROOT = iphoneos;
				VALIDATE_PRODUCT = YES;
			};
			name = Release;
		};
		E6C2BC882271FDBB005DA4D9 /* Debug */ = {
			isa = XCBuildConfiguration;
			buildSettings = {
				ASSETCATALOG_COMPILER_APPICON_NAME = AppIcon;
				CODE_SIGN_STYLE = Automatic;
				DEVELOPMENT_TEAM = XM8VFF44DF;
				INFOPLIST_FILE = HXMusic/Info.plist;
				LD_RUNPATH_SEARCH_PATHS = (
					"$(inherited)",
					"@executable_path/Frameworks",
				);
				PRODUCT_BUNDLE_IDENTIFIER = Insomnia.HXMusic;
				PRODUCT_NAME = "$(TARGET_NAME)";
				TARGETED_DEVICE_FAMILY = "1,2";
			};
			name = Debug;
		};
		E6C2BC892271FDBB005DA4D9 /* Release */ = {
			isa = XCBuildConfiguration;
			buildSettings = {
				ASSETCATALOG_COMPILER_APPICON_NAME = AppIcon;
				CODE_SIGN_STYLE = Automatic;
				DEVELOPMENT_TEAM = XM8VFF44DF;
				INFOPLIST_FILE = HXMusic/Info.plist;
				LD_RUNPATH_SEARCH_PATHS = (
					"$(inherited)",
					"@executable_path/Frameworks",
				);
				PRODUCT_BUNDLE_IDENTIFIER = Insomnia.HXMusic;
				PRODUCT_NAME = "$(TARGET_NAME)";
				TARGETED_DEVICE_FAMILY = "1,2";
			};
			name = Release;
		};
		E6C2BC8B2271FDBB005DA4D9 /* Debug */ = {
			isa = XCBuildConfiguration;
			buildSettings = {
				BUNDLE_LOADER = "$(TEST_HOST)";
				CODE_SIGN_STYLE = Automatic;
				DEVELOPMENT_TEAM = XM8VFF44DF;
				INFOPLIST_FILE = HXMusicTests/Info.plist;
				LD_RUNPATH_SEARCH_PATHS = (
					"$(inherited)",
					"@executable_path/Frameworks",
					"@loader_path/Frameworks",
				);
				PRODUCT_BUNDLE_IDENTIFIER = Insomnia.HXMusicTests;
				PRODUCT_NAME = "$(TARGET_NAME)";
				TARGETED_DEVICE_FAMILY = "1,2";
				TEST_HOST = "$(BUILT_PRODUCTS_DIR)/HXMusic.app/HXMusic";
			};
			name = Debug;
		};
		E6C2BC8C2271FDBB005DA4D9 /* Release */ = {
			isa = XCBuildConfiguration;
			buildSettings = {
				BUNDLE_LOADER = "$(TEST_HOST)";
				CODE_SIGN_STYLE = Automatic;
				DEVELOPMENT_TEAM = XM8VFF44DF;
				INFOPLIST_FILE = HXMusicTests/Info.plist;
				LD_RUNPATH_SEARCH_PATHS = (
					"$(inherited)",
					"@executable_path/Frameworks",
					"@loader_path/Frameworks",
				);
				PRODUCT_BUNDLE_IDENTIFIER = Insomnia.HXMusicTests;
				PRODUCT_NAME = "$(TARGET_NAME)";
				TARGETED_DEVICE_FAMILY = "1,2";
				TEST_HOST = "$(BUILT_PRODUCTS_DIR)/HXMusic.app/HXMusic";
			};
			name = Release;
		};
/* End XCBuildConfiguration section */

/* Begin XCConfigurationList section */
		E6C2BC612271FDB7005DA4D9 /* Build configuration list for PBXProject "HXMusic" */ = {
			isa = XCConfigurationList;
			buildConfigurations = (
				E6C2BC852271FDBB005DA4D9 /* Debug */,
				E6C2BC862271FDBB005DA4D9 /* Release */,
			);
			defaultConfigurationIsVisible = 0;
			defaultConfigurationName = Release;
		};
		E6C2BC872271FDBB005DA4D9 /* Build configuration list for PBXNativeTarget "HXMusic" */ = {
			isa = XCConfigurationList;
			buildConfigurations = (
				E6C2BC882271FDBB005DA4D9 /* Debug */,
				E6C2BC892271FDBB005DA4D9 /* Release */,
			);
			defaultConfigurationIsVisible = 0;
			defaultConfigurationName = Release;
		};
		E6C2BC8A2271FDBB005DA4D9 /* Build configuration list for PBXNativeTarget "HXMusicTests" */ = {
			isa = XCConfigurationList;
			buildConfigurations = (
				E6C2BC8B2271FDBB005DA4D9 /* Debug */,
				E6C2BC8C2271FDBB005DA4D9 /* Release */,
			);
			defaultConfigurationIsVisible = 0;
			defaultConfigurationName = Release;
		};
/* End XCConfigurationList section */
	};
	rootObject = E6C2BC5E2271FDB7005DA4D9 /* Project object */;
}
